
Microsoft Visual Studio Solution File, Format Version 12.00
# Visual Studio Version 17
VisualStudioVersion = 17.0.31903.59
MinimumVisualStudioVersion = 10.0.40219.1
Project("{00D1A9C2-B5F0-4AF3-8072-F6C62B433612}") = "AdventureWorks.DB", "AdventureWorks.Database.sqlproj", "{5FC754E7-74BD-4AAE-8B4E-CFC8CDDA1035}"
EndProject
Global
	GlobalSection(SolutionConfigurationPlatforms) = preSolution
		Debug|Any CPU = Debug|Any CPU
		Release|Any CPU = Release|Any CPU
	EndGlobalSection
	GlobalSection(ProjectConfigurationPlatforms) = postSolution
		{5FC754E7-74BD-4AAE-8B4E-CFC8CDDA1035}.Debug|Any CPU.ActiveCfg = Debug|Any CPU
		{5FC754E7-74BD-4AAE-8B4E-CFC8CDDA1035}.Debug|Any CPU.Build.0 = Debug|Any CPU
		{5FC754E7-74BD-4AAE-8B4E-CFC8CDDA1035}.Debug|Any CPU.Deploy.0 = Debug|Any CPU
		{5FC754E7-74BD-4AAE-8B4E-CFC8CDDA1035}.Release|Any CPU.ActiveCfg = Release|Any CPU
		{5FC754E7-74BD-4AAE-8B4E-CFC8CDDA1035}.Release|Any CPU.Build.0 = Release|Any CPU
		{5FC754E7-74BD-4AAE-8B4E-CFC8CDDA1035}.Release|Any CPU.Deploy.0 = Release|Any CPU
	EndGlobalSection
	GlobalSection(SolutionProperties) = preSolution
		HideSolutionNode = FALSE
	EndGlobalSection
	GlobalSection(ExtensibilityGlobals) = postSolution
		SolutionGuid = {307BB778-2A85-48F6-9EBD-652602458063}
	EndGlobalSection
EndGlobal
